{
  "name": "H5CorpInformation",
  "version": "1.0.0",
  "lockfileVersion": 1,
  "requires": true,
  "dependencies": {
    "@dcloudio/uni-ui": {
      "version": "1.0.9",
      "resolved": "https://registry.npmjs.org/@dcloudio/uni-ui/-/uni-ui-1.0.9.tgz",
      "integrity": "sha512-03JmXwU2/AH+3DnpCt7HY0qqFUjiJ0MV2ITBIQQouUC6Tfz7VRtNiMV9V7LMJibVB5p1QtthZUgwvJkw/gMLeQ=="
    }
  }
}
